{
  "originHash" : "ec2149ecb15b1334d83c40558f100923dcf71b8db65c255ad72812d4e6bb8872",
  "pins" : [
    {
      "identity" : "wwfontloader",
      "kind" : "remoteSourceControl",
      "location" : "https://github.com/William-Weng/WWFontLoader",
      "state" : {
        "revision" : "e1005f225ce70948f1ef5fd698a54dfdca5e9bf7",
        "version" : "1.1.0"
      }
    }
  ],
  "version" : 3
}
